{
  "name": "lezer-study",
  "version": "0.1.0",
  "lockfileVersion": 2,
  "requires": true,
  "packages": {
    "": {
      "name": "lezer-study",
      "version": "0.1.0",
      "license": "MIT",
      "dependencies": {
        "@lezer/common": "^1.0.1",
        "@lezer/generator": "^1.1.1",
        "@lezer/highlight": "^1.1.1",
        "@lezer/lr": "^1.2.3"
      }
    },
    "node_modules/@lezer/common": {
      "version": "1.0.1",
      "resolved": "https://registry.npmjs.org/@lezer/common/-/common-1.0.1.tgz",
      "integrity": "sha512-8TR5++Q/F//tpDsLd5zkrvEX5xxeemafEaek7mUp7Y+bI8cKQXdSqhzTOBaOogETcMOVr0pT3BBPXp13477ciw=="
    },
    "node_modules/@lezer/generator": {
      "version": "1.1.1",
      "resolved": "https://registry.npmjs.org/@lezer/generator/-/generator-1.1.1.tgz",
      "integrity": "sha512-GrB5EwOn09yf5YfDk6TcspHcF7PQZP83665moY5VmOURwCmNOx+Qit3mwp7W/EsGpqd4PPRioxNkYwYZii69cw==",
      "dependencies": {
        "@lezer/common": "^1.0.0",
        "@lezer/lr": "^1.0.0"
      },
      "bin": {
        "lezer-generator": "dist/lezer-generator.cjs"
      }
    },
    "node_modules/@lezer/highlight": {
      "version": "1.1.1",
      "resolved": "https://registry.npmjs.org/@lezer/highlight/-/highlight-1.1.1.tgz",
      "integrity": "sha512-duv9D23O9ghEDnnUDmxu+L8pJy4nYo4AbCOHIudUhscrLSazqeJeK1V50EU6ZufWF1zv0KJwu/frFRyZWXxHBQ==",
      "dependencies": {
        "@lezer/common": "^1.0.0"
      }
    },
    "node_modules/@lezer/lr": {
      "version": "1.2.3",
      "resolved": "https://registry.npmjs.org/@lezer/lr/-/lr-1.2.3.tgz",
      "integrity": "sha512-qpB7rBzH8f6Mzjv2AVZRahcm+2Cf7nbIH++uXbvVOL1yIRvVWQ3HAM/saeBLCyz/togB7LGo76qdJYL1uKQlqA==",
      "dependencies": {
        "@lezer/common": "^1.0.0"
      }
    }
  },
  "dependencies": {
    "@lezer/common": {
      "version": "1.0.1",
      "resolved": "https://registry.npmjs.org/@lezer/common/-/common-1.0.1.tgz",
      "integrity": "sha512-8TR5++Q/F//tpDsLd5zkrvEX5xxeemafEaek7mUp7Y+bI8cKQXdSqhzTOBaOogETcMOVr0pT3BBPXp13477ciw=="
    },
    "@lezer/generator": {
      "version": "1.1.1",
      "resolved": "https://registry.npmjs.org/@lezer/generator/-/generator-1.1.1.tgz",
      "integrity": "sha512-GrB5EwOn09yf5YfDk6TcspHcF7PQZP83665moY5VmOURwCmNOx+Qit3mwp7W/EsGpqd4PPRioxNkYwYZii69cw==",
      "requires": {
        "@lezer/common": "^1.0.0",
        "@lezer/lr": "^1.0.0"
      }
    },
    "@lezer/highlight": {
      "version": "1.1.1",
      "resolved": "https://registry.npmjs.org/@lezer/highlight/-/highlight-1.1.1.tgz",
      "integrity": "sha512-duv9D23O9ghEDnnUDmxu+L8pJy4nYo4AbCOHIudUhscrLSazqeJeK1V50EU6ZufWF1zv0KJwu/frFRyZWXxHBQ==",
      "requires": {
        "@lezer/common": "^1.0.0"
      }
    },
    "@lezer/lr": {
      "version": "1.2.3",
      "resolved": "https://registry.npmjs.org/@lezer/lr/-/lr-1.2.3.tgz",
      "integrity": "sha512-qpB7rBzH8f6Mzjv2AVZRahcm+2Cf7nbIH++uXbvVOL1yIRvVWQ3HAM/saeBLCyz/togB7LGo76qdJYL1uKQlqA==",
      "requires": {
        "@lezer/common": "^1.0.0"
      }
    }
  }
}
